dependencies:
- name: rabbitmq
  repository: https://charts.bitnami.com/bitnami
  version: 8.0.2
- name: mongodb
  repository: https://charts.bitnami.com/bitnami
  version: 10.0.1
- name: external-dns
  repository: https://charts.bitnami.com/bitnami
  version: 4.0.0
- name: redis
  repository: https://charts.bitnami.com/bitnami
  version: 12.3.2
digest: sha256:1b845746eaaceff6ef9c40bac5e1b4cc84fb09d12429f810e50d4026ecd06ef6
generated: "2021-11-11T15:05:01.188201977-06:00"
